// !$*UTF8*$!
{
	archiveVersion = 1;
	classes = {
	};
	objectVersion = 77;
	objects = {

/* Begin PBXContainerItemProxy section */
		C18F92482D5AF4FA00D1E1DD /* PBXContainerItemProxy */ = {
			isa = PBXContainerItemProxy;
			containerPortal = C18F922D2D5AF4F900D1E1DD /* Project object */;
			proxyType = 1;
			remoteGlobalIDString = C18F92342D5AF4F900D1E1DD;
			remoteInfo = Roto;
		};
		C18F92522D5AF4FA00D1E1DD /* PBXContainerItemProxy */ = {
			isa = PBXContainerItemProxy;
			containerPortal = C18F922D2D5AF4F900D1E1DD /* Project object */;
			proxyType = 1;
			remoteGlobalIDString = C18F92342D5AF4F900D1E1DD;
			remoteInfo = Roto;
		};
/* End PBXContainerItemProxy section */

/* Begin PBXFileReference section */
		C18F92352D5AF4F900D1E1DD /* Roto.app */ = {isa = PBXFileReference; explicitFileType = wrapper.application; includeInIndex = 0; path = Roto.app; sourceTree = BUILT_PRODUCTS_DIR; };
		C18F92472D5AF4FA00D1E1DD /* RotoTests.xctest */ = {isa = PBXFileReference; explicitFileType = wrapper.cfbundle; includeInIndex = 0; path = RotoTests.xctest; sourceTree = BUILT_PRODUCTS_DIR; };
		C18F92512D5AF4FA00D1E1DD /* RotoUITests.xctest */ = {isa = PBXFileReference; explicitFileType = wrapper.cfbundle; includeInIndex = 0; path = RotoUITests.xctest; sourceTree = BUILT_PRODUCTS_DIR; };
/* End PBXFileReference section */

/* Begin PBXFileSystemSynchronizedRootGroup section */
		C18F92372D5AF4F900D1E1DD /* Roto */ = {
			isa = PBXFileSystemSynchronizedRootGroup;
			path = Roto;
			sourceTree = "<group>";
		};
		C18F924A2D5AF4FA00D1E1DD /* RotoTests */ = {
			isa = PBXFileSystemSynchronizedRootGroup;
			path = RotoTests;
			sourceTree = "<group>";
		};
		C18F92542D5AF4FA00D1E1DD /* RotoUITests */ = {
			isa = PBXFileSystemSynchronizedRootGroup;
			path = RotoUITests;
			sourceTree = "<group>";
		};
/* End PBXFileSystemSynchronizedRootGroup section */

/* Begin PBXFrameworksBuildPhase section */
		C18F92322D5AF4F900D1E1DD /* Frameworks */ = {
			isa = PBXFrameworksBuildPhase;
			buildActionMask = 2147483647;
			files = (
			);
			runOnlyForDeploymentPostprocessing = 0;
		};
		C18F92442D5AF4FA00D1E1DD /* Frameworks */ = {
			isa = PBXFrameworksBuildPhase;
			buildActionMask = 2147483647;
			files = (
			);
			runOnlyForDeploymentPostprocessing = 0;
		};
		C18F924E2D5AF4FA00D1E1DD /* Frameworks */ = {
			isa = PBXFrameworksBuildPhase;
			buildActionMask = 2147483647;
			files = (
			);
			runOnlyForDeploymentPostprocessing = 0;
		};
/* End PBXFrameworksBuildPhase section */

/* Begin PBXGroup section */
		C18F922C2D5AF4F900D1E1DD = {
			isa = PBXGroup;
			children = (
				C18F92372D5AF4F900D1E1DD /* Roto */,
				C18F924A2D5AF4FA00D1E1DD /* RotoTests */,
				C18F92542D5AF4FA00D1E1DD /* RotoUITests */,
				C18F92362D5AF4F900D1E1DD /* Products */,
			);
			sourceTree = "<group>";
		};
		C18F92362D5AF4F900D1E1DD /* Products */ = {
			isa = PBXGroup;
			children = (
				C18F92352D5AF4F900D1E1DD /* Roto.app */,
				C18F92472D5AF4FA00D1E1DD /* RotoTests.xctest */,
				C18F92512D5AF4FA00D1E1DD /* RotoUITests.xctest */,
			);
			name = Products;
			sourceTree = "<group>";
		};
/* End PBXGroup section */

/* Begin PBXNativeTarget section */
		C18F92342D5AF4F900D1E1DD /* Roto */ = {
			isa = PBXNativeTarget;
			buildConfigurationList = C18F925B2D5AF4FA00D1E1DD /* Build configuration list for PBXNativeTarget "Roto" */;
			buildPhases = (
				C18F92312D5AF4F900D1E1DD /* Sources */,
				C18F92322D5AF4F900D1E1DD /* Frameworks */,
				C18F92332D5AF4F900D1E1DD /* Resources */,
			);
			buildRules = (
			);
			dependencies = (
			);
			fileSystemSynchronizedGroups = (
				C18F92372D5AF4F900D1E1DD /* Roto */,
			);
			name = Roto;
			packageProductDependencies = (
			);
			productName = Roto;
			productReference = C18F92352D5AF4F900D1E1DD /* Roto.app */;
			productType = "com.apple.product-type.application";
		};
		C18F92462D5AF4FA00D1E1DD /* RotoTests */ = {
			isa = PBXNativeTarget;
			buildConfigurationList = C18F925E2D5AF4FA00D1E1DD /* Build configuration list for PBXNativeTarget "RotoTests" */;
			buildPhases = (
				C18F92432D5AF4FA00D1E1DD /* Sources */,
				C18F92442D5AF4FA00D1E1DD /* Frameworks */,
				C18F92452D5AF4FA00D1E1DD /* Resources */,
			);
			buildRules = (
			);
			dependencies = (
				C18F92492D5AF4FA00D1E1DD /* PBXTargetDependency */,
			);
			fileSystemSynchronizedGroups = (
				C18F924A2D5AF4FA00D1E1DD /* RotoTests */,
			);
			name = RotoTests;
			packageProductDependencies = (
			);
			productName = RotoTests;
			productReference = C18F92472D5AF4FA00D1E1DD /* RotoTests.xctest */;
			productType = "com.apple.product-type.bundle.unit-test";
		};
		C18F92502D5AF4FA00D1E1DD /* RotoUITests */ = {
			isa = PBXNativeTarget;
			buildConfigurationList = C18F92612D5AF4FA00D1E1DD /* Build configuration list for PBXNativeTarget "RotoUITests" */;
			buildPhases = (
				C18F924D2D5AF4FA00D1E1DD /* Sources */,
				C18F924E2D5AF4FA00D1E1DD /* Frameworks */,
				C18F924F2D5AF4FA00D1E1DD /* Resources */,
			);
			buildRules = (
			);
			dependencies = (
				C18F92532D5AF4FA00D1E1DD /* PBXTargetDependency */,
			);
			fileSystemSynchronizedGroups = (
				C18F92542D5AF4FA00D1E1DD /* RotoUITests */,
			);
			name = RotoUITests;
			packageProductDependencies = (
			);
			productName = RotoUITests;
			productReference = C18F92512D5AF4FA00D1E1DD /* RotoUITests.xctest */;
			productType = "com.apple.product-type.bundle.ui-testing";
		};
/* End PBXNativeTarget section */

/* Begin PBXProject section */
		C18F922D2D5AF4F900D1E1DD /* Project object */ = {
			isa = PBXProject;
			attributes = {
				BuildIndependentTargetsInParallel = 1;
				LastSwiftUpdateCheck = 1620;
				LastUpgradeCheck = 1620;
				TargetAttributes = {
					C18F92342D5AF4F900D1E1DD = {
						CreatedOnToolsVersion = 16.2;
					};
					C18F92462D5AF4FA00D1E1DD = {
						CreatedOnToolsVersion = 16.2;
						TestTargetID = C18F92342D5AF4F900D1E1DD;
					};
					C18F92502D5AF4FA00D1E1DD = {
						CreatedOnToolsVersion = 16.2;
						TestTargetID = C18F92342D5AF4F900D1E1DD;
					};
				};
			};
			buildConfigurationList = C18F92302D5AF4F900D1E1DD /* Build configuration list for PBXProject "Roto" */;
			developmentRegion = en;
			hasScannedForEncodings = 0;
			knownRegions = (
				en,
				Base,
			);
			mainGroup = C18F922C2D5AF4F900D1E1DD;
			minimizedProjectReferenceProxies = 1;
			preferredProjectObjectVersion = 77;
			productRefGroup = C18F92362D5AF4F900D1E1DD /* Products */;
			projectDirPath = "";
			projectRoot = "";
			targets = (
				C18F92342D5AF4F900D1E1DD /* Roto */,
				C18F92462D5AF4FA00D1E1DD /* RotoTests */,
				C18F92502D5AF4FA00D1E1DD /* RotoUITests */,
			);
		};
/* End PBXProject section */

/* Begin PBXResourcesBuildPhase section */
		C18F92332D5AF4F900D1E1DD /* Resources */ = {
			isa = PBXResourcesBuildPhase;
			buildActionMask = 2147483647;
			files = (
			);
			runOnlyForDeploymentPostprocessing = 0;
		};
		C18F92452D5AF4FA00D1E1DD /* Resources */ = {
			isa = PBXResourcesBuildPhase;
			buildActionMask = 2147483647;
			files = (
			);
			runOnlyForDeploymentPostprocessing = 0;
		};
		C18F924F2D5AF4FA00D1E1DD /* Resources */ = {
			isa = PBXResourcesBuildPhase;
			buildActionMask = 2147483647;
			files = (
			);
			runOnlyForDeploymentPostprocessing = 0;
		};
/* End PBXResourcesBuildPhase section */

/* Begin PBXSourcesBuildPhase section */
		C18F92312D5AF4F900D1E1DD /* Sources */ = {
			isa = PBXSourcesBuildPhase;
			buildActionMask = 2147483647;
			files = (
			);
			runOnlyForDeploymentPostprocessing = 0;
		};
		C18F92432D5AF4FA00D1E1DD /* Sources */ = {
			isa = PBXSourcesBuildPhase;
			buildActionMask = 2147483647;
			files = (
			);
			runOnlyForDeploymentPostprocessing = 0;
		};
		C18F924D2D5AF4FA00D1E1DD /* Sources */ = {
			isa = PBXSourcesBuildPhase;
			buildActionMask = 2147483647;
			files = (
			);
			runOnlyForDeploymentPostprocessing = 0;
		};
/* End PBXSourcesBuildPhase section */

/* Begin PBXTargetDependency section */
		C18F92492D5AF4FA00D1E1DD /* PBXTargetDependency */ = {
			isa = PBXTargetDependency;
			target = C18F92342D5AF4F900D1E1DD /* Roto */;
			targetProxy = C18F92482D5AF4FA00D1E1DD /* PBXContainerItemProxy */;
		};
		C18F92532D5AF4FA00D1E1DD /* PBXTargetDependency */ = {
			isa = PBXTargetDependency;
			target = C18F92342D5AF4F900D1E1DD /* Roto */;
			targetProxy = C18F92522D5AF4FA00D1E1DD /* PBXContainerItemProxy */;
		};
/* End PBXTargetDependency section */

/* Begin XCBuildConfiguration section */
		C18F92592D5AF4FA00D1E1DD /* Debug */ = {
			isa = XCBuildConfiguration;
			buildSettings = {
				ALWAYS_SEARCH_USER_PATHS = NO;
				ASSETCATALOG_COMPILER_GENERATE_SWIFT_ASSET_SYMBOL_EXTENSIONS = YES;
				CLANG_ANALYZER_NONNULL = YES;
				CLANG_ANALYZER_NUMBER_OBJECT_CONVERSION = YES_AGGRESSIVE;
				CLANG_CXX_LANGUAGE_STANDARD = "gnu++20";
				CLANG_ENABLE_MODULES = YES;
				CLANG_ENABLE_OBJC_ARC = YES;
				CLANG_ENABLE_OBJC_WEAK = YES;
				CLANG_WARN_BLOCK_CAPTURE_AUTORELEASING = YES;
				CLANG_WARN_BOOL_CONVERSION = YES;
				CLANG_WARN_COMMA = YES;
				CLANG_WARN_CONSTANT_CONVERSION = YES;
				CLANG_WARN_DEPRECATED_OBJC_IMPLEMENTATIONS = YES;
				CLANG_WARN_DIRECT_OBJC_ISA_USAGE = YES_ERROR;
				CLANG_WARN_DOCUMENTATION_COMMENTS = YES;
				CLANG_WARN_EMPTY_BODY = YES;
				CLANG_WARN_ENUM_CONVERSION = YES;
				CLANG_WARN_INFINITE_RECURSION = YES;
				CLANG_WARN_INT_CONVERSION = YES;
				CLANG_WARN_NON_LITERAL_NULL_CONVERSION = YES;
				CLANG_WARN_OBJC_IMPLICIT_RETAIN_SELF = YES;
				CLANG_WARN_OBJC_LITERAL_CONVERSION = YES;
				CLANG_WARN_OBJC_ROOT_CLASS = YES_ERROR;
				CLANG_WARN_QUOTED_INCLUDE_IN_FRAMEWORK_HEADER = YES;
				CLANG_WARN_RANGE_LOOP_ANALYSIS = YES;
				CLANG_WARN_STRICT_PROTOTYPES = YES;
				CLANG_WARN_SUSPICIOUS_MOVE = YES;
				CLANG_WARN_UNGUARDED_AVAILABILITY = YES_AGGRESSIVE;
				CLANG_WARN_UNREACHABLE_CODE = YES;
				CLANG_WARN__DUPLICATE_METHOD_MATCH = YES;
				COPY_PHASE_STRIP = NO;
				DEBUG_INFORMATION_FORMAT = dwarf;
				ENABLE_STRICT_OBJC_MSGSEND = YES;
				ENABLE_TESTABILITY = YES;
				ENABLE_USER_SCRIPT_SANDBOXING = YES;
				GCC_C_LANGUAGE_STANDARD = gnu17;
				GCC_DYNAMIC_NO_PIC = NO;
				GCC_NO_COMMON_BLOCKS = YES;
				GCC_OPTIMIZATION_LEVEL = 0;
				GCC_PREPROCESSOR_DEFINITIONS = (
					"DEBUG=1",
					"$(inherited)",
				);
				GCC_WARN_64_TO_32_BIT_CONVERSION = YES;
				GCC_WARN_ABOUT_RETURN_TYPE = YES_ERROR;
				GCC_WARN_UNDECLARED_SELECTOR = YES;
				GCC_WARN_UNINITIALIZED_AUTOS = YES_AGGRESSIVE;
				GCC_WARN_UNUSED_FUNCTION = YES;
				GCC_WARN_UNUSED_VARIABLE = YES;
				IPHONEOS_DEPLOYMENT_TARGET = 18.2;
				LOCALIZATION_PREFERS_STRING_CATALOGS = YES;
				MTL_ENABLE_DEBUG_INFO = INCLUDE_SOURCE;
				MTL_FAST_MATH = YES;
				ONLY_ACTIVE_ARCH = YES;
				SDKROOT = iphoneos;
				SWIFT_ACTIVE_COMPILATION_CONDITIONS = "DEBUG $(inherited)";
				SWIFT_OPTIMIZATION_LEVEL = "-Onone";
			};
			name = Debug;
		};
		C18F925A2D5AF4FA00D1E1DD /* Release */ = {
			isa = XCBuildConfiguration;
			buildSettings = {
				ALWAYS_SEARCH_USER_PATHS = NO;
				ASSETCATALOG_COMPILER_GENERATE_SWIFT_ASSET_SYMBOL_EXTENSIONS = YES;
				CLANG_ANALYZER_NONNULL = YES;
				CLANG_ANALYZER_NUMBER_OBJECT_CONVERSION = YES_AGGRESSIVE;
				CLANG_CXX_LANGUAGE_STANDARD = "gnu++20";
				CLANG_ENABLE_MODULES = YES;
				CLANG_ENABLE_OBJC_ARC = YES;
				CLANG_ENABLE_OBJC_WEAK = YES;
				CLANG_WARN_BLOCK_CAPTURE_AUTORELEASING = YES;
				CLANG_WARN_BOOL_CONVERSION = YES;
				CLANG_WARN_COMMA = YES;
				CLANG_WARN_CONSTANT_CONVERSION = YES;
				CLANG_WARN_DEPRECATED_OBJC_IMPLEMENTATIONS = YES;
				CLANG_WARN_DIRECT_OBJC_ISA_USAGE = YES_ERROR;
				CLANG_WARN_DOCUMENTATION_COMMENTS = YES;
				CLANG_WARN_EMPTY_BODY = YES;
				CLANG_WARN_ENUM_CONVERSION = YES;
				CLANG_WARN_INFINITE_RECURSION = YES;
				CLANG_WARN_INT_CONVERSION = YES;
				CLANG_WARN_NON_LITERAL_NULL_CONVERSION = YES;
				CLANG_WARN_OBJC_IMPLICIT_RETAIN_SELF = YES;
				CLANG_WARN_OBJC_LITERAL_CONVERSION = YES;
				CLANG_WARN_OBJC_ROOT_CLASS = YES_ERROR;
				CLANG_WARN_QUOTED_INCLUDE_IN_FRAMEWORK_HEADER = YES;
				CLANG_WARN_RANGE_LOOP_ANALYSIS = YES;
				CLANG_WARN_STRICT_PROTOTYPES = YES;
				CLANG_WARN_SUSPICIOUS_MOVE = YES;
				CLANG_WARN_UNGUARDED_AVAILABILITY = YES_AGGRESSIVE;
				CLANG_WARN_UNREACHABLE_CODE = YES;
				CLANG_WARN__DUPLICATE_METHOD_MATCH = YES;
				COPY_PHASE_STRIP = NO;
				DEBUG_INFORMATION_FORMAT = "dwarf-with-dsym";
				ENABLE_NS_ASSERTIONS = NO;
				ENABLE_STRICT_OBJC_MSGSEND = YES;
				ENABLE_USER_SCRIPT_SANDBOXING = YES;
				GCC_C_LANGUAGE_STANDARD = gnu17;
				GCC_NO_COMMON_BLOCKS = YES;
				GCC_WARN_64_TO_32_BIT_CONVERSION = YES;
				GCC_WARN_ABOUT_RETURN_TYPE = YES_ERROR;
				GCC_WARN_UNDECLARED_SELECTOR = YES;
				GCC_WARN_UNINITIALIZED_AUTOS = YES_AGGRESSIVE;
				GCC_WARN_UNUSED_FUNCTION = YES;
				GCC_WARN_UNUSED_VARIABLE = YES;
				IPHONEOS_DEPLOYMENT_TARGET = 18.2;
				LOCALIZATION_PREFERS_STRING_CATALOGS = YES;
				MTL_ENABLE_DEBUG_INFO = NO;
				MTL_FAST_MATH = YES;
				SDKROOT = iphoneos;
				SWIFT_COMPILATION_MODE = wholemodule;
				VALIDATE_PRODUCT = YES;
			};
			name = Release;
		};
		C18F925C2D5AF4FA00D1E1DD /* Debug */ = {
			isa = XCBuildConfiguration;
			buildSettings = {
				ASSETCATALOG_COMPILER_APPICON_NAME = AppIcon;
				ASSETCATALOG_COMPILER_GLOBAL_ACCENT_COLOR_NAME = AccentColor;
				CODE_SIGN_STYLE = Automatic;
				CURRENT_PROJECT_VERSION = 1;
				DEVELOPMENT_ASSET_PATHS = "\"Roto/Preview Content\"";
				DEVELOPMENT_TEAM = THP7JD4H5N;
				ENABLE_PREVIEWS = YES;
				GENERATE_INFOPLIST_FILE = YES;
				INFOPLIST_KEY_UIApplicationSceneManifest_Generation = YES;
				INFOPLIST_KEY_UIApplicationSupportsIndirectInputEvents = YES;
				INFOPLIST_KEY_UILaunchScreen_Generation = YES;
				INFOPLIST_KEY_UISupportedInterfaceOrientations_iPad = "UIInterfaceOrientationPortrait UIInterfaceOrientationPortraitUpsideDown UIInterfaceOrientationLandscapeLeft UIInterfaceOrientationLandscapeRight";
				INFOPLIST_KEY_UISupportedInterfaceOrientations_iPhone = "UIInterfaceOrientationPortrait UIInterfaceOrientationLandscapeLeft UIInterfaceOrientationLandscapeRight";
				LD_RUNPATH_SEARCH_PATHS = (
					"$(inherited)",
					"@executable_path/Frameworks",
				);
				MARKETING_VERSION = 1.0;
				PRODUCT_BUNDLE_IDENTIFIER = mbridges.Roto;
				PRODUCT_NAME = "$(TARGET_NAME)";
				SWIFT_EMIT_LOC_STRINGS = YES;
				SWIFT_VERSION = 5.0;
				TARGETED_DEVICE_FAMILY = "1,2";
			};
			name = Debug;
		};
		C18F925D2D5AF4FA00D1E1DD /* Release */ = {
			isa = XCBuildConfiguration;
			buildSettings = {
				ASSETCATALOG_COMPILER_APPICON_NAME = AppIcon;
				ASSETCATALOG_COMPILER_GLOBAL_ACCENT_COLOR_NAME = AccentColor;
				CODE_SIGN_STYLE = Automatic;
				CURRENT_PROJECT_VERSION = 1;
				DEVELOPMENT_ASSET_PATHS = "\"Roto/Preview Content\"";
				DEVELOPMENT_TEAM = THP7JD4H5N;
				ENABLE_PREVIEWS = YES;
				GENERATE_INFOPLIST_FILE = YES;
				INFOPLIST_KEY_UIApplicationSceneManifest_Generation = YES;
				INFOPLIST_KEY_UIApplicationSupportsIndirectInputEvents = YES;
				INFOPLIST_KEY_UILaunchScreen_Generation = YES;
				INFOPLIST_KEY_UISupportedInterfaceOrientations_iPad = "UIInterfaceOrientationPortrait UIInterfaceOrientationPortraitUpsideDown UIInterfaceOrientationLandscapeLeft UIInterfaceOrientationLandscapeRight";
				INFOPLIST_KEY_UISupportedInterfaceOrientations_iPhone = "UIInterfaceOrientationPortrait UIInterfaceOrientationLandscapeLeft UIInterfaceOrientationLandscapeRight";
				LD_RUNPATH_SEARCH_PATHS = (
					"$(inherited)",
					"@executable_path/Frameworks",
				);
				MARKETING_VERSION = 1.0;
				PRODUCT_BUNDLE_IDENTIFIER = mbridges.Roto;
				PRODUCT_NAME = "$(TARGET_NAME)";
				SWIFT_EMIT_LOC_STRINGS = YES;
				SWIFT_VERSION = 5.0;
				TARGETED_DEVICE_FAMILY = "1,2";
			};
			name = Release;
		};
		C18F925F2D5AF4FA00D1E1DD /* Debug */ = {
			isa = XCBuildConfiguration;
			buildSettings = {
				BUNDLE_LOADER = "$(TEST_HOST)";
				CODE_SIGN_STYLE = Automatic;
				CURRENT_PROJECT_VERSION = 1;
				GENERATE_INFOPLIST_FILE = YES;
				IPHONEOS_DEPLOYMENT_TARGET = 18.2;
				MARKETING_VERSION = 1.0;
				PRODUCT_BUNDLE_IDENTIFIER = mbridges.RotoTests;
				PRODUCT_NAME = "$(TARGET_NAME)";
				SWIFT_EMIT_LOC_STRINGS = NO;
				SWIFT_VERSION = 5.0;
				TARGETED_DEVICE_FAMILY = "1,2";
				TEST_HOST = "$(BUILT_PRODUCTS_DIR)/Roto.app/$(BUNDLE_EXECUTABLE_FOLDER_PATH)/Roto";
			};
			name = Debug;
		};
		C18F92602D5AF4FA00D1E1DD /* Release */ = {
			isa = XCBuildConfiguration;
			buildSettings = {
				BUNDLE_LOADER = "$(TEST_HOST)";
				CODE_SIGN_STYLE = Automatic;
				CURRENT_PROJECT_VERSION = 1;
				GENERATE_INFOPLIST_FILE = YES;
				IPHONEOS_DEPLOYMENT_TARGET = 18.2;
				MARKETING_VERSION = 1.0;
				PRODUCT_BUNDLE_IDENTIFIER = mbridges.RotoTests;
				PRODUCT_NAME = "$(TARGET_NAME)";
				SWIFT_EMIT_LOC_STRINGS = NO;
				SWIFT_VERSION = 5.0;
				TARGETED_DEVICE_FAMILY = "1,2";
				TEST_HOST = "$(BUILT_PRODUCTS_DIR)/Roto.app/$(BUNDLE_EXECUTABLE_FOLDER_PATH)/Roto";
			};
			name = Release;
		};
		C18F92622D5AF4FA00D1E1DD /* Debug */ = {
			isa = XCBuildConfiguration;
			buildSettings = {
				CODE_SIGN_STYLE = Automatic;
				CURRENT_PROJECT_VERSION = 1;
				GENERATE_INFOPLIST_FILE = YES;
				MARKETING_VERSION = 1.0;
				PRODUCT_BUNDLE_IDENTIFIER = mbridges.RotoUITests;
				PRODUCT_NAME = "$(TARGET_NAME)";
				SWIFT_EMIT_LOC_STRINGS = NO;
				SWIFT_VERSION = 5.0;
				TARGETED_DEVICE_FAMILY = "1,2";
				TEST_TARGET_NAME = Roto;
			};
			name = Debug;
		};
		C18F92632D5AF4FA00D1E1DD /* Release */ = {
			isa = XCBuildConfiguration;
			buildSettings = {
				CODE_SIGN_STYLE = Automatic;
				CURRENT_PROJECT_VERSION = 1;
				GENERATE_INFOPLIST_FILE = YES;
				MARKETING_VERSION = 1.0;
				PRODUCT_BUNDLE_IDENTIFIER = mbridges.RotoUITests;
				PRODUCT_NAME = "$(TARGET_NAME)";
				SWIFT_EMIT_LOC_STRINGS = NO;
				SWIFT_VERSION = 5.0;
				TARGETED_DEVICE_FAMILY = "1,2";
				TEST_TARGET_NAME = Roto;
			};
			name = Release;
		};
/* End XCBuildConfiguration section */

/* Begin XCConfigurationList section */
		C18F92302D5AF4F900D1E1DD /* Build configuration list for PBXProject "Roto" */ = {
			isa = XCConfigurationList;
			buildConfigurations = (
				C18F92592D5AF4FA00D1E1DD /* Debug */,
				C18F925A2D5AF4FA00D1E1DD /* Release */,
			);
			defaultConfigurationIsVisible = 0;
			defaultConfigurationName = Release;
		};
		C18F925B2D5AF4FA00D1E1DD /* Build configuration list for PBXNativeTarget "Roto" */ = {
			isa = XCConfigurationList;
			buildConfigurations = (
				C18F925C2D5AF4FA00D1E1DD /* Debug */,
				C18F925D2D5AF4FA00D1E1DD /* Release */,
			);
			defaultConfigurationIsVisible = 0;
			defaultConfigurationName = Release;
		};
		C18F925E2D5AF4FA00D1E1DD /* Build configuration list for PBXNativeTarget "RotoTests" */ = {
			isa = XCConfigurationList;
			buildConfigurations = (
				C18F925F2D5AF4FA00D1E1DD /* Debug */,
				C18F92602D5AF4FA00D1E1DD /* Release */,
			);
			defaultConfigurationIsVisible = 0;
			defaultConfigurationName = Release;
		};
		C18F92612D5AF4FA00D1E1DD /* Build configuration list for PBXNativeTarget "RotoUITests" */ = {
			isa = XCConfigurationList;
			buildConfigurations = (
				C18F92622D5AF4FA00D1E1DD /* Debug */,
				C18F92632D5AF4FA00D1E1DD /* Release */,
			);
			defaultConfigurationIsVisible = 0;
			defaultConfigurationName = Release;
		};
/* End XCConfigurationList section */
	};
	rootObject = C18F922D2D5AF4F900D1E1DD /* Project object */;
}
